
Microsoft Visual Studio Solution File, Format Version 12.00
# Visual Studio Version 17
VisualStudioVersion = 17.4.33205.214
MinimumVisualStudioVersion = 10.0.40219.1
Project("{FAE04EC0-301F-11D3-BF4B-00C04F79EFBC}") = "ClaimWebApp", "ClaimWebApp.csproj", "{38FFED3F-4449-4E42-8C88-A842894306DB}"
EndProject
Global
	GlobalSection(SolutionConfigurationPlatforms) = preSolution
		Debug|Any CPU = Debug|Any CPU
		Release|Any CPU = Release|Any CPU
	EndGlobalSection
	GlobalSection(ProjectConfigurationPlatforms) = postSolution
		{38FFED3F-4449-4E42-8C88-A842894306DB}.Debug|Any CPU.ActiveCfg = Debug|Any CPU
		{38FFED3F-4449-4E42-8C88-A842894306DB}.Debug|Any CPU.Build.0 = Debug|Any CPU
		{38FFED3F-4449-4E42-8C88-A842894306DB}.Release|Any CPU.ActiveCfg = Release|Any CPU
		{38FFED3F-4449-4E42-8C88-A842894306DB}.Release|Any CPU.Build.0 = Release|Any CPU
	EndGlobalSection
	GlobalSection(SolutionProperties) = preSolution
		HideSolutionNode = FALSE
	EndGlobalSection
	GlobalSection(ExtensibilityGlobals) = postSolution
		SolutionGuid = {57402E2E-5152-4283-9D59-83454B916232}
	EndGlobalSection
EndGlobal
